# This file is autogenerated, do not edit; changes may be undone by the next 'dep ensure'.


[[projects]]
  name = "github.com/RoaringBitmap/roaring"
  packages = ["."]
  revision = "ad459fb842af17d3b3f7ab707bc3463c2db9e324"
  version = "v0.3.10"

[[projects]]
  branch = "master"
  name = "github.com/anacrolix/dht"
  packages = [".","krpc"]
  revision = "55080c51975fdff03dc82a2c3a76a0e2995a69d6"

[[projects]]
  branch = "master"
  name = "github.com/anacrolix/go-libutp"
  packages = ["."]
  revision = "2bf9f9a92044377b8d10b3c8d72c6d00e7ce436e"

[[projects]]
  branch = "master"
  name = "github.com/anacrolix/missinggo"
  packages = [".","bitmap","httptoo","inproc","iter","orderedmap","perf","pproffd","prioritybitmap","pubsub","resource","slices","x"]
  revision = "1b975e2f93af0b40673a9f258e2cb8854bc7975c"

[[projects]]
  branch = "master"
  name = "github.com/anacrolix/sync"
  packages = ["."]
  revision = "d29d95568d362a0008c1ffbaea39a3449ea67509"

[[projects]]
  branch = "master"
  name = "github.com/anacrolix/torrent"
  packages = [".","bencode","iplist","logonce","metainfo","mmap_span","mse","peer_protocol","storage","tracker","util"]
  revision = "2ab850f56e463c66ca78ebacba70c3aec907db0c"

[[projects]]
  branch = "master"
  name = "github.com/anacrolix/utp"
  packages = ["."]
  revision = "87ba7933b8d7520e5e6e27460e25e42c2fccab9f"

[[projects]]
  name = "github.com/boltdb/bolt"
  packages = ["."]
  revision = "2f1ce7a837dcb8da3ec595b1dac9d0632f0f99e8"
  version = "v1.3.1"

[[projects]]
  branch = "master"
  name = "github.com/bradfitz/iter"
  packages = ["."]
  revision = "454541ec3da2a73fc34fd049b19ee5777bf19345"

[[projects]]
  branch = "master"
  name = "github.com/dustin/go-humanize"
  packages = ["."]
  revision = "77ed807830b4df581417e7f89eb81d4872832b72"

[[projects]]
  branch = "master"
  name = "github.com/edsrzf/mmap-go"
  packages = ["."]
  revision = "0bce6a6887123b67a60366d2c9fe2dfb74289d2e"

[[projects]]
  branch = "master"
  name = "github.com/glycerine/go-unsnap-stream"
  packages = ["."]
  revision = "87275cecd8e984c5875577d22da7ce8945df780e"

[[projects]]
  branch = "master"
  name = "github.com/golang/snappy"
  packages = ["."]
  revision = "553a641470496b2327abcac10b36396bd98e45c9"

[[projects]]
  branch = "master"
  name = "github.com/google/btree"
  packages = ["."]
  revision = "316fb6d3f031ae8f4d457c6c5186b9e3ded70435"

[[projects]]
  name = "github.com/julienschmidt/httprouter"
  packages = ["."]
  revision = "8c199fb6259ffc1af525cc3ad52ee60ba8359669"
  version = "v1.1"

[[projects]]
  name = "github.com/mattn/go-sqlite3"
  packages = ["."]
  revision = "ca5e3819723d8eeaf170ad510e7da1d6d2e94a08"
  version = "v1.2.0"

[[projects]]
  branch = "master"
  name = "github.com/mschoch/smat"
  packages = ["."]
  revision = "90eadee771aeab36e8bf796039b8c261bebebe4f"

[[projects]]
  branch = "master"
  name = "github.com/petar/GoLLRB"
  packages = ["llrb"]
  revision = "53be0d36a84c2a886ca057d34b6aa4468df9ccb4"

[[projects]]
  branch = "master"
  name = "github.com/philhofer/fwd"
  packages = ["."]
  revision = "bb6d471dc95d4fe11e432687f8b70ff496cf3136"

[[projects]]
  branch = "master"
  name = "github.com/ryszard/goskiplist"
  packages = ["skiplist"]
  revision = "2dfbae5fcf46374f166f8969cb07e167f1be6273"

[[projects]]
  name = "github.com/spaolacci/murmur3"
  packages = ["."]
  revision = "0d12bf811670bf6a1a63828dfbd003eded177fce"
  version = "v1.0"

[[projects]]
  name = "github.com/tinylib/msgp"
  packages = ["msgp"]
  revision = "b2b6a672cf1e5b90748f79b8b81fc8c5cf0571a1"
  version = "v1.0.2"

[[projects]]
  name = "github.com/willf/bitset"
  packages = ["."]
  revision = "d860f346b89450988a379d7d705e83c58d1ea227"
  version = "v1.1.3"

[[projects]]
  name = "github.com/willf/bloom"
  packages = ["."]
  revision = "54e3b963ee1652b06c4562cb9b6020ebc6e36e59"
  version = "v2.0.3"

[[projects]]
  branch = "master"
  name = "golang.org/x/net"
  packages = ["context"]
  revision = "1087133bc4af3073e18add999345c6ae75918503"

[[projects]]
  branch = "master"
  name = "golang.org/x/sys"
  packages = ["unix"]
  revision = "8dbc5d05d6edcc104950cc299a1ce6641235bc86"

[[projects]]
  branch = "master"
  name = "golang.org/x/time"
  packages = ["rate"]
  revision = "6dc17368e09b0e8634d71cac8168d853e869a0c7"

[[projects]]
  branch = "v2"
  name = "gopkg.in/yaml.v2"
  packages = ["."]
  revision = "eb3733d160e74a9c7e442f435eb3bea458e1d19f"

[solve-meta]
  analyzer-name = "dep"
  analyzer-version = 1
  inputs-digest = "a778750d77bff1055ea630663e1a5e04e2bdbd1e850cf863f964f56d836cadea"
  solver-name = "gps-cdcl"
  solver-version = 1
